# This file is generated by running "yarn install" inside your project.
# Manual changes might be lost - proceed with caution!

__metadata:
  version: 6
  cacheKey: 8

"@esbuild/android-arm64@npm:0.17.7":
  version: 0.17.7
  resolution: "@esbuild/android-arm64@npm:0.17.7"
  conditions: os=android & cpu=arm64
  languageName: node
  linkType: hard

"@esbuild/android-arm@npm:0.17.7":
  version: 0.17.7
  resolution: "@esbuild/android-arm@npm:0.17.7"
  conditions: os=android & cpu=arm
  languageName: node
  linkType: hard

"@esbuild/android-x64@npm:0.17.7":
  version: 0.17.7
  resolution: "@esbuild/android-x64@npm:0.17.7"
  conditions: os=android & cpu=x64
  languageName: node
  linkType: hard

"@esbuild/darwin-arm64@npm:0.17.7":
  version: 0.17.7
  resolution: "@esbuild/darwin-arm64@npm:0.17.7"
  conditions: os=darwin & cpu=arm64
  languageName: node
  linkType: hard

"@esbuild/darwin-x64@npm:0.17.7":
  version: 0.17.7
  resolution: "@esbuild/darwin-x64@npm:0.17.7"
  conditions: os=darwin & cpu=x64
  languageName: node
  linkType: hard

"@esbuild/freebsd-arm64@npm:0.17.7":
  version: 0.17.7
  resolution: "@esbuild/freebsd-arm64@npm:0.17.7"
  conditions: os=freebsd & cpu=arm64
  languageName: node
  linkType: hard

"@esbuild/freebsd-x64@npm:0.17.7":
  version: 0.17.7
  resolution: "@esbuild/freebsd-x64@npm:0.17.7"
  conditions: os=freebsd & cpu=x64
  languageName: node
  linkType: hard

"@esbuild/linux-arm64@npm:0.17.7":
  version: 0.17.7
  resolution: "@esbuild/linux-arm64@npm:0.17.7"
  conditions: os=linux & cpu=arm64
  languageName: node
  linkType: hard

"@esbuild/linux-arm@npm:0.17.7":
  version: 0.17.7
  resolution: "@esbuild/linux-arm@npm:0.17.7"
  conditions: os=linux & cpu=arm
  languageName: node
  linkType: hard

"@esbuild/linux-ia32@npm:0.17.7":
  version: 0.17.7
  resolution: "@esbuild/linux-ia32@npm:0.17.7"
  conditions: os=linux & cpu=ia32
  languageName: node
  linkType: hard

"@esbuild/linux-loong64@npm:0.17.7":
  version: 0.17.7
  resolution: "@esbuild/linux-loong64@npm:0.17.7"
  conditions: os=linux & cpu=loong64
  languageName: node
  linkType: hard

"@esbuild/linux-mips64el@npm:0.17.7":
  version: 0.17.7
  resolution: "@esbuild/linux-mips64el@npm:0.17.7"
  conditions: os=linux & cpu=mips64el
  languageName: node
  linkType: hard

"@esbuild/linux-ppc64@npm:0.17.7":
  version: 0.17.7
  resolution: "@esbuild/linux-ppc64@npm:0.17.7"
  conditions: os=linux & cpu=ppc64
  languageName: node
  linkType: hard

"@esbuild/linux-riscv64@npm:0.17.7":
  version: 0.17.7
  resolution: "@esbuild/linux-riscv64@npm:0.17.7"
  conditions: os=linux & cpu=riscv64
  languageName: node
  linkType: hard

"@esbuild/linux-s390x@npm:0.17.7":
  version: 0.17.7
  resolution: "@esbuild/linux-s390x@npm:0.17.7"
  conditions: os=linux & cpu=s390x
  languageName: node
  linkType: hard

"@esbuild/linux-x64@npm:0.17.7":
  version: 0.17.7
  resolution: "@esbuild/linux-x64@npm:0.17.7"
  conditions: os=linux & cpu=x64
  languageName: node
  linkType: hard

"@esbuild/netbsd-x64@npm:0.17.7":
  version: 0.17.7
  resolution: "@esbuild/netbsd-x64@npm:0.17.7"
  conditions: os=netbsd & cpu=x64
  languageName: node
  linkType: hard

"@esbuild/openbsd-x64@npm:0.17.7":
  version: 0.17.7
  resolution: "@esbuild/openbsd-x64@npm:0.17.7"
  conditions: os=openbsd & cpu=x64
  languageName: node
  linkType: hard

"@esbuild/sunos-x64@npm:0.17.7":
  version: 0.17.7
  resolution: "@esbuild/sunos-x64@npm:0.17.7"
  conditions: os=sunos & cpu=x64
  languageName: node
  linkType: hard

"@esbuild/win32-arm64@npm:0.17.7":
  version: 0.17.7
  resolution: "@esbuild/win32-arm64@npm:0.17.7"
  conditions: os=win32 & cpu=arm64
  languageName: node
  linkType: hard

"@esbuild/win32-ia32@npm:0.17.7":
  version: 0.17.7
  resolution: "@esbuild/win32-ia32@npm:0.17.7"
  conditions: os=win32 & cpu=ia32
  languageName: node
  linkType: hard

"@esbuild/win32-x64@npm:0.17.7":
  version: 0.17.7
  resolution: "@esbuild/win32-x64@npm:0.17.7"
  conditions: os=win32 & cpu=x64
  languageName: node
  linkType: hard

"esbuild@npm:^0.17.7":
  version: 0.17.7
  resolution: "esbuild@npm:0.17.7"
  dependencies:
    "@esbuild/android-arm": 0.17.7
    "@esbuild/android-arm64": 0.17.7
    "@esbuild/android-x64": 0.17.7
    "@esbuild/darwin-arm64": 0.17.7
    "@esbuild/darwin-x64": 0.17.7
    "@esbuild/freebsd-arm64": 0.17.7
    "@esbuild/freebsd-x64": 0.17.7
    "@esbuild/linux-arm": 0.17.7
    "@esbuild/linux-arm64": 0.17.7
    "@esbuild/linux-ia32": 0.17.7
    "@esbuild/linux-loong64": 0.17.7
    "@esbuild/linux-mips64el": 0.17.7
    "@esbuild/linux-ppc64": 0.17.7
    "@esbuild/linux-riscv64": 0.17.7
    "@esbuild/linux-s390x": 0.17.7
    "@esbuild/linux-x64": 0.17.7
    "@esbuild/netbsd-x64": 0.17.7
    "@esbuild/openbsd-x64": 0.17.7
    "@esbuild/sunos-x64": 0.17.7
    "@esbuild/win32-arm64": 0.17.7
    "@esbuild/win32-ia32": 0.17.7
    "@esbuild/win32-x64": 0.17.7
  dependenciesMeta:
    "@esbuild/android-arm":
      optional: true
    "@esbuild/android-arm64":
      optional: true
    "@esbuild/android-x64":
      optional: true
    "@esbuild/darwin-arm64":
      optional: true
    "@esbuild/darwin-x64":
      optional: true
    "@esbuild/freebsd-arm64":
      optional: true
    "@esbuild/freebsd-x64":
      optional: true
    "@esbuild/linux-arm":
      optional: true
    "@esbuild/linux-arm64":
      optional: true
    "@esbuild/linux-ia32":
      optional: true
    "@esbuild/linux-loong64":
      optional: true
    "@esbuild/linux-mips64el":
      optional: true
    "@esbuild/linux-ppc64":
      optional: true
    "@esbuild/linux-riscv64":
      optional: true
    "@esbuild/linux-s390x":
      optional: true
    "@esbuild/linux-x64":
      optional: true
    "@esbuild/netbsd-x64":
      optional: true
    "@esbuild/openbsd-x64":
      optional: true
    "@esbuild/sunos-x64":
      optional: true
    "@esbuild/win32-arm64":
      optional: true
    "@esbuild/win32-ia32":
      optional: true
    "@esbuild/win32-x64":
      optional: true
  bin:
    esbuild: bin/esbuild
  checksum: 5b019eebf71db2133eae984be1fb1734b18aaa7e3b13e50318e52b4c35e042e9db00da3ca0f257f6efc6acf262ecbd1f00435709df7520316d344acf26e3c710
  languageName: node
  linkType: hard

"typescript@npm:^4.9.4":
  version: 4.9.4
  resolution: "typescript@npm:4.9.4"
  bin:
    tsc: bin/tsc
    tsserver: bin/tsserver
  checksum: e782fb9e0031cb258a80000f6c13530288c6d63f1177ed43f770533fdc15740d271554cdae86701c1dd2c83b082cea808b07e97fd68b38a172a83dbf9e0d0ef9
  languageName: node
  linkType: hard

"typescript@patch:typescript@^4.9.4#~builtin<compat/typescript>":
  version: 4.9.4
  resolution: "typescript@patch:typescript@npm%3A4.9.4#~builtin<compat/typescript>::version=4.9.4&hash=23ec76"
  bin:
    tsc: bin/tsc
    tsserver: bin/tsserver
  checksum: 3e2ab0772908676d9b9cb83398c70003a3b08e1c6b3b122409df9f4b520f2fdaefa20c3d7d57dce283fed760ac94b3ce94d4a7fa875127b67852904425a1f0dc
  languageName: node
  linkType: hard

"vega-types@workspace:.":
  version: 0.0.0-use.local
  resolution: "vega-types@workspace:."
  dependencies:
    esbuild: ^0.17.7
    typescript: ^4.9.4
  languageName: unknown
  linkType: soft
